
Microsoft Visual Studio Solution File, Format Version 12.00
# Visual Studio Version 16
VisualStudioVersion = 16.0.30804.86
MinimumVisualStudioVersion = 10.0.40219.1
Project("{FAE04EC0-301F-11D3-BF4B-00C04F79EFBC}") = "Firebase.Auth", "Firebase.Auth.csproj", "{CEA8088E-4FEC-4CF1-9BDF-8C5AA90736BF}"
EndProject
Global
	GlobalSection(SolutionConfigurationPlatforms) = preSolution
		Debug|Any CPU = Debug|Any CPU
		Release|Any CPU = Release|Any CPU
	EndGlobalSection
	GlobalSection(ProjectConfigurationPlatforms) = postSolution
		{CEA8088E-4FEC-4CF1-9BDF-8C5AA90736BF}.Debug|Any CPU.ActiveCfg = Debug|Any CPU
		{CEA8088E-4FEC-4CF1-9BDF-8C5AA90736BF}.Debug|Any CPU.Build.0 = Debug|Any CPU
		{CEA8088E-4FEC-4CF1-9BDF-8C5AA90736BF}.Release|Any CPU.ActiveCfg = Release|Any CPU
		{CEA8088E-4FEC-4CF1-9BDF-8C5AA90736BF}.Release|Any CPU.Build.0 = Release|Any CPU
	EndGlobalSection
	GlobalSection(SolutionProperties) = preSolution
		HideSolutionNode = FALSE
	EndGlobalSection
	GlobalSection(ExtensibilityGlobals) = postSolution
		SolutionGuid = {884DBCAC-6EE0-4247-83AF-B61AAF97B19A}
	EndGlobalSection
EndGlobal
